// !$*UTF8*$!
{
	archiveVersion = 1;
	classes = {
	};
	objectVersion = 50;
	objects = {

/* Begin PBXBuildFile section */
		CAC9906D266CFD4400D9BB90 /* GFButton.swift in Sources */ = {isa = PBXBuildFile; fileRef = CAC9906C266CFD4400D9BB90 /* GFButton.swift */; };
		CAC9906F266D007800D9BB90 /* GFTextField.swift in Sources */ = {isa = PBXBuildFile; fileRef = CAC9906E266D007800D9BB90 /* GFTextField.swift */; };
		CAC99073266D0D8600D9BB90 /* FollowerListVC.swift in Sources */ = {isa = PBXBuildFile; fileRef = CAC99072266D0D8600D9BB90 /* FollowerListVC.swift */; };
		CAC99075266D139700D9BB90 /* GFTitleLabel.swift in Sources */ = {isa = PBXBuildFile; fileRef = CAC99074266D139700D9BB90 /* GFTitleLabel.swift */; };
		CAC99077266D149200D9BB90 /* GFBodyLabel.swift in Sources */ = {isa = PBXBuildFile; fileRef = CAC99076266D149200D9BB90 /* GFBodyLabel.swift */; };
		CAC99079266D150D00D9BB90 /* GFAlertVC.swift in Sources */ = {isa = PBXBuildFile; fileRef = CAC99078266D150D00D9BB90 /* GFAlertVC.swift */; };
		CAC9907B266D168000D9BB90 /* GFAlertContainerView.swift in Sources */ = {isa = PBXBuildFile; fileRef = CAC9907A266D168000D9BB90 /* GFAlertContainerView.swift */; };
		CAC9907D266D1E9900D9BB90 /* UIViewController+Ext.swift in Sources */ = {isa = PBXBuildFile; fileRef = CAC9907C266D1E9900D9BB90 /* UIViewController+Ext.swift */; };
		CAC99084266D693600D9BB90 /* Follower.swift in Sources */ = {isa = PBXBuildFile; fileRef = CAC99083266D693600D9BB90 /* Follower.swift */; };
		CAC99086266D69D900D9BB90 /* User.swift in Sources */ = {isa = PBXBuildFile; fileRef = CAC99085266D69D900D9BB90 /* User.swift */; };
		CAC99089266D6CC500D9BB90 /* NetworkManager.swift in Sources */ = {isa = PBXBuildFile; fileRef = CAC99088266D6CC500D9BB90 /* NetworkManager.swift */; };
		CAC9908C266D731600D9BB90 /* ErrorMessage.swift in Sources */ = {isa = PBXBuildFile; fileRef = CAC9908B266D731600D9BB90 /* ErrorMessage.swift */; };
		CAC9908F266E6C1200D9BB90 /* FollowerCell.swift in Sources */ = {isa = PBXBuildFile; fileRef = CAC9908E266E6C1200D9BB90 /* FollowerCell.swift */; };
		CAC99091266E6CEE00D9BB90 /* GFAvatarImageView.swift in Sources */ = {isa = PBXBuildFile; fileRef = CAC99090266E6CEE00D9BB90 /* GFAvatarImageView.swift */; };
		CAC99093266E779200D9BB90 /* UIHelper.swift in Sources */ = {isa = PBXBuildFile; fileRef = CAC99092266E779200D9BB90 /* UIHelper.swift */; };
		CAC99099267399A200D9BB90 /* GFEmptyStateView.swift in Sources */ = {isa = PBXBuildFile; fileRef = CAC99098267399A200D9BB90 /* GFEmptyStateView.swift */; };
		CAC9909B2673A2C000D9BB90 /* UserInfoVC.swift in Sources */ = {isa = PBXBuildFile; fileRef = CAC9909A2673A2C000D9BB90 /* UserInfoVC.swift */; };
		CAC9909D2673AEFD00D9BB90 /* GFUserInfoHeaderVC.swift in Sources */ = {isa = PBXBuildFile; fileRef = CAC9909C2673AEFD00D9BB90 /* GFUserInfoHeaderVC.swift */; };
		CAC9909F2673AF5900D9BB90 /* GFSecondayTitleLabel.swift in Sources */ = {isa = PBXBuildFile; fileRef = CAC9909E2673AF5900D9BB90 /* GFSecondayTitleLabel.swift */; };
		CAC990A12673B44000D9BB90 /* Constants.swift in Sources */ = {isa = PBXBuildFile; fileRef = CAC990A02673B44000D9BB90 /* Constants.swift */; };
		CAC990A32673BD8B00D9BB90 /* GFItemInfoView.swift in Sources */ = {isa = PBXBuildFile; fileRef = CAC990A22673BD8B00D9BB90 /* GFItemInfoView.swift */; };
		CAC990A52673C21300D9BB90 /* GFItemInfoVC.swift in Sources */ = {isa = PBXBuildFile; fileRef = CAC990A42673C21300D9BB90 /* GFItemInfoVC.swift */; };
		CAC990A72673C82B00D9BB90 /* GFRepoItemVC.swift in Sources */ = {isa = PBXBuildFile; fileRef = CAC990A62673C82B00D9BB90 /* GFRepoItemVC.swift */; };
		CAC990AC2673CCAB00D9BB90 /* GFFollowerItemVC.swift in Sources */ = {isa = PBXBuildFile; fileRef = CAC990AB2673CCAB00D9BB90 /* GFFollowerItemVC.swift */; };
		CAC990AE2673CFD000D9BB90 /* Date+Ext.swift in Sources */ = {isa = PBXBuildFile; fileRef = CAC990AD2673CFD000D9BB90 /* Date+Ext.swift */; };
		CAC990B02673CFE400D9BB90 /* String+Ext.swift in Sources */ = {isa = PBXBuildFile; fileRef = CAC990AF2673CFE400D9BB90 /* String+Ext.swift */; };
		CAC990B22674404400D9BB90 /* PersistenceManager.swift in Sources */ = {isa = PBXBuildFile; fileRef = CAC990B12674404400D9BB90 /* PersistenceManager.swift */; };
		CAC990B42674475700D9BB90 /* FavoriteCell.swift in Sources */ = {isa = PBXBuildFile; fileRef = CAC990B32674475700D9BB90 /* FavoriteCell.swift */; };
		CAD3F3ED266AB71500960F03 /* AppDelegate.swift in Sources */ = {isa = PBXBuildFile; fileRef = CAD3F3EC266AB71500960F03 /* AppDelegate.swift */; };
		CAD3F3EF266AB71500960F03 /* SceneDelegate.swift in Sources */ = {isa = PBXBuildFile; fileRef = CAD3F3EE266AB71500960F03 /* SceneDelegate.swift */; };
		CAD3F3F6266AB71600960F03 /* Assets.xcassets in Resources */ = {isa = PBXBuildFile; fileRef = CAD3F3F5266AB71600960F03 /* Assets.xcassets */; };
		CAD3F3F9266AB71600960F03 /* LaunchScreen.storyboard in Resources */ = {isa = PBXBuildFile; fileRef = CAD3F3F7266AB71600960F03 /* LaunchScreen.storyboard */; };
		CAD3F401266AF45F00960F03 /* SearchVC.swift in Sources */ = {isa = PBXBuildFile; fileRef = CAD3F400266AF45F00960F03 /* SearchVC.swift */; };
		CAD3F403266AF48200960F03 /* FavoritesListVC.swift in Sources */ = {isa = PBXBuildFile; fileRef = CAD3F402266AF48200960F03 /* FavoritesListVC.swift */; };
/* End PBXBuildFile section */

/* Begin PBXFileReference section */
		CAC9906C266CFD4400D9BB90 /* GFButton.swift */ = {isa = PBXFileReference; lastKnownFileType = sourcecode.swift; path = GFButton.swift; sourceTree = "<group>"; };
		CAC9906E266D007800D9BB90 /* GFTextField.swift */ = {isa = PBXFileReference; lastKnownFileType = sourcecode.swift; path = GFTextField.swift; sourceTree = "<group>"; };
		CAC99072266D0D8600D9BB90 /* FollowerListVC.swift */ = {isa = PBXFileReference; lastKnownFileType = sourcecode.swift; path = FollowerListVC.swift; sourceTree = "<group>"; };
		CAC99074266D139700D9BB90 /* GFTitleLabel.swift */ = {isa = PBXFileReference; lastKnownFileType = sourcecode.swift; path = GFTitleLabel.swift; sourceTree = "<group>"; };
		CAC99076266D149200D9BB90 /* GFBodyLabel.swift */ = {isa = PBXFileReference; lastKnownFileType = sourcecode.swift; path = GFBodyLabel.swift; sourceTree = "<group>"; };
		CAC99078266D150D00D9BB90 /* GFAlertVC.swift */ = {isa = PBXFileReference; lastKnownFileType = sourcecode.swift; path = GFAlertVC.swift; sourceTree = "<group>"; };
		CAC9907A266D168000D9BB90 /* GFAlertContainerView.swift */ = {isa = PBXFileReference; lastKnownFileType = sourcecode.swift; path = GFAlertContainerView.swift; sourceTree = "<group>"; };
		CAC9907C266D1E9900D9BB90 /* UIViewController+Ext.swift */ = {isa = PBXFileReference; lastKnownFileType = sourcecode.swift; path = "UIViewController+Ext.swift"; sourceTree = "<group>"; };
		CAC99083266D693600D9BB90 /* Follower.swift */ = {isa = PBXFileReference; lastKnownFileType = sourcecode.swift; path = Follower.swift; sourceTree = "<group>"; };
		CAC99085266D69D900D9BB90 /* User.swift */ = {isa = PBXFileReference; lastKnownFileType = sourcecode.swift; path = User.swift; sourceTree = "<group>"; };
		CAC99088266D6CC500D9BB90 /* NetworkManager.swift */ = {isa = PBXFileReference; lastKnownFileType = sourcecode.swift; path = NetworkManager.swift; sourceTree = "<group>"; };
		CAC9908B266D731600D9BB90 /* ErrorMessage.swift */ = {isa = PBXFileReference; lastKnownFileType = sourcecode.swift; path = ErrorMessage.swift; sourceTree = "<group>"; };
		CAC9908E266E6C1200D9BB90 /* FollowerCell.swift */ = {isa = PBXFileReference; lastKnownFileType = sourcecode.swift; path = FollowerCell.swift; sourceTree = "<group>"; };
		CAC99090266E6CEE00D9BB90 /* GFAvatarImageView.swift */ = {isa = PBXFileReference; lastKnownFileType = sourcecode.swift; path = GFAvatarImageView.swift; sourceTree = "<group>"; };
		CAC99092266E779200D9BB90 /* UIHelper.swift */ = {isa = PBXFileReference; lastKnownFileType = sourcecode.swift; path = UIHelper.swift; sourceTree = "<group>"; };
		CAC99098267399A200D9BB90 /* GFEmptyStateView.swift */ = {isa = PBXFileReference; lastKnownFileType = sourcecode.swift; path = GFEmptyStateView.swift; sourceTree = "<group>"; };
		CAC9909A2673A2C000D9BB90 /* UserInfoVC.swift */ = {isa = PBXFileReference; lastKnownFileType = sourcecode.swift; path = UserInfoVC.swift; sourceTree = "<group>"; };
		CAC9909C2673AEFD00D9BB90 /* GFUserInfoHeaderVC.swift */ = {isa = PBXFileReference; lastKnownFileType = sourcecode.swift; path = GFUserInfoHeaderVC.swift; sourceTree = "<group>"; };
		CAC9909E2673AF5900D9BB90 /* GFSecondayTitleLabel.swift */ = {isa = PBXFileReference; lastKnownFileType = sourcecode.swift; path = GFSecondayTitleLabel.swift; sourceTree = "<group>"; };
		CAC990A02673B44000D9BB90 /* Constants.swift */ = {isa = PBXFileReference; lastKnownFileType = sourcecode.swift; path = Constants.swift; sourceTree = "<group>"; };
		CAC990A22673BD8B00D9BB90 /* GFItemInfoView.swift */ = {isa = PBXFileReference; lastKnownFileType = sourcecode.swift; path = GFItemInfoView.swift; sourceTree = "<group>"; };
		CAC990A42673C21300D9BB90 /* GFItemInfoVC.swift */ = {isa = PBXFileReference; lastKnownFileType = sourcecode.swift; path = GFItemInfoVC.swift; sourceTree = "<group>"; };
		CAC990A62673C82B00D9BB90 /* GFRepoItemVC.swift */ = {isa = PBXFileReference; lastKnownFileType = sourcecode.swift; path = GFRepoItemVC.swift; sourceTree = "<group>"; };
		CAC990AB2673CCAB00D9BB90 /* GFFollowerItemVC.swift */ = {isa = PBXFileReference; lastKnownFileType = sourcecode.swift; path = GFFollowerItemVC.swift; sourceTree = "<group>"; };
		CAC990AD2673CFD000D9BB90 /* Date+Ext.swift */ = {isa = PBXFileReference; lastKnownFileType = sourcecode.swift; path = "Date+Ext.swift"; sourceTree = "<group>"; };
		CAC990AF2673CFE400D9BB90 /* String+Ext.swift */ = {isa = PBXFileReference; lastKnownFileType = sourcecode.swift; path = "String+Ext.swift"; sourceTree = "<group>"; };
		CAC990B12674404400D9BB90 /* PersistenceManager.swift */ = {isa = PBXFileReference; lastKnownFileType = sourcecode.swift; path = PersistenceManager.swift; sourceTree = "<group>"; };
		CAC990B32674475700D9BB90 /* FavoriteCell.swift */ = {isa = PBXFileReference; lastKnownFileType = sourcecode.swift; path = FavoriteCell.swift; sourceTree = "<group>"; };
		CAD3F3E9266AB71500960F03 /* GitHub Followers.app */ = {isa = PBXFileReference; explicitFileType = wrapper.application; includeInIndex = 0; path = "GitHub Followers.app"; sourceTree = BUILT_PRODUCTS_DIR; };
		CAD3F3EC266AB71500960F03 /* AppDelegate.swift */ = {isa = PBXFileReference; lastKnownFileType = sourcecode.swift; path = AppDelegate.swift; sourceTree = "<group>"; };
		CAD3F3EE266AB71500960F03 /* SceneDelegate.swift */ = {isa = PBXFileReference; lastKnownFileType = sourcecode.swift; path = SceneDelegate.swift; sourceTree = "<group>"; };
		CAD3F3F5266AB71600960F03 /* Assets.xcassets */ = {isa = PBXFileReference; lastKnownFileType = folder.assetcatalog; path = Assets.xcassets; sourceTree = "<group>"; };
		CAD3F3F8266AB71600960F03 /* Base */ = {isa = PBXFileReference; lastKnownFileType = file.storyboard; name = Base; path = Base.lproj/LaunchScreen.storyboard; sourceTree = "<group>"; };
		CAD3F3FA266AB71600960F03 /* Info.plist */ = {isa = PBXFileReference; lastKnownFileType = text.plist.xml; path = Info.plist; sourceTree = "<group>"; };
		CAD3F400266AF45F00960F03 /* SearchVC.swift */ = {isa = PBXFileReference; lastKnownFileType = sourcecode.swift; path = SearchVC.swift; sourceTree = "<group>"; };
		CAD3F402266AF48200960F03 /* FavoritesListVC.swift */ = {isa = PBXFileReference; lastKnownFileType = sourcecode.swift; path = FavoritesListVC.swift; sourceTree = "<group>"; };
/* End PBXFileReference section */

/* Begin PBXFrameworksBuildPhase section */
		CAD3F3E6266AB71500960F03 /* Frameworks */ = {
			isa = PBXFrameworksBuildPhase;
			buildActionMask = 2147483647;
			files = (
			);
			runOnlyForDeploymentPostprocessing = 0;
		};
/* End PBXFrameworksBuildPhase section */

/* Begin PBXGroup section */
		CAC9907E266D20FF00D9BB90 /* Controllers */ = {
			isa = PBXGroup;
			children = (
				CAC990AA2673C9BC00D9BB90 /* ItemInfoVCs */,
				CAD3F400266AF45F00960F03 /* SearchVC.swift */,
				CAD3F402266AF48200960F03 /* FavoritesListVC.swift */,
				CAC99072266D0D8600D9BB90 /* FollowerListVC.swift */,
				CAC99078266D150D00D9BB90 /* GFAlertVC.swift */,
				CAC9909A2673A2C000D9BB90 /* UserInfoVC.swift */,
				CAC9909C2673AEFD00D9BB90 /* GFUserInfoHeaderVC.swift */,
			);
			path = Controllers;
			sourceTree = "<group>";
		};
		CAC9907F266D213600D9BB90 /* Views */ = {
			isa = PBXGroup;
			children = (
				CAC990972673995F00D9BB90 /* ImageViews */,
				CAC990962673995400D9BB90 /* Labels */,
				CAC990952673994D00D9BB90 /* TextFields */,
				CAC990942673993F00D9BB90 /* Buttons */,
				CAC9908D266E6BEF00D9BB90 /* Cells */,
				CAC9907A266D168000D9BB90 /* GFAlertContainerView.swift */,
				CAC99098267399A200D9BB90 /* GFEmptyStateView.swift */,
				CAC990A22673BD8B00D9BB90 /* GFItemInfoView.swift */,
			);
			path = Views;
			sourceTree = "<group>";
		};
		CAC99080266D216B00D9BB90 /* Extensions */ = {
			isa = PBXGroup;
			children = (
				CAC9907C266D1E9900D9BB90 /* UIViewController+Ext.swift */,
				CAC990AD2673CFD000D9BB90 /* Date+Ext.swift */,
				CAC990AF2673CFE400D9BB90 /* String+Ext.swift */,
			);
			path = Extensions;
			sourceTree = "<group>";
		};
		CAC99081266D21B500D9BB90 /* Support */ = {
			isa = PBXGroup;
			children = (
				CAD3F3EC266AB71500960F03 /* AppDelegate.swift */,
				CAD3F3EE266AB71500960F03 /* SceneDelegate.swift */,
				CAD3F3F5266AB71600960F03 /* Assets.xcassets */,
				CAD3F3F7266AB71600960F03 /* LaunchScreen.storyboard */,
			);
			path = Support;
			sourceTree = "<group>";
		};
		CAC99082266D221400D9BB90 /* Models */ = {
			isa = PBXGroup;
			children = (
				CAC99083266D693600D9BB90 /* Follower.swift */,
				CAC99085266D69D900D9BB90 /* User.swift */,
			);
			path = Models;
			sourceTree = "<group>";
		};
		CAC99087266D6CB800D9BB90 /* Managers */ = {
			isa = PBXGroup;
			children = (
				CAC99088266D6CC500D9BB90 /* NetworkManager.swift */,
				CAC990B12674404400D9BB90 /* PersistenceManager.swift */,
			);
			path = Managers;
			sourceTree = "<group>";
		};
		CAC9908A266D730900D9BB90 /* Utilities */ = {
			isa = PBXGroup;
			children = (
				CAC9908B266D731600D9BB90 /* ErrorMessage.swift */,
				CAC99092266E779200D9BB90 /* UIHelper.swift */,
				CAC990A02673B44000D9BB90 /* Constants.swift */,
			);
			path = Utilities;
			sourceTree = "<group>";
		};
		CAC9908D266E6BEF00D9BB90 /* Cells */ = {
			isa = PBXGroup;
			children = (
				CAC9908E266E6C1200D9BB90 /* FollowerCell.swift */,
				CAC990B32674475700D9BB90 /* FavoriteCell.swift */,
			);
			path = Cells;
			sourceTree = "<group>";
		};
		CAC990942673993F00D9BB90 /* Buttons */ = {
			isa = PBXGroup;
			children = (
				CAC9906C266CFD4400D9BB90 /* GFButton.swift */,
			);
			path = Buttons;
			sourceTree = "<group>";
		};
		CAC990952673994D00D9BB90 /* TextFields */ = {
			isa = PBXGroup;
			children = (
				CAC9906E266D007800D9BB90 /* GFTextField.swift */,
			);
			path = TextFields;
			sourceTree = "<group>";
		};
		CAC990962673995400D9BB90 /* Labels */ = {
			isa = PBXGroup;
			children = (
				CAC99074266D139700D9BB90 /* GFTitleLabel.swift */,
				CAC99076266D149200D9BB90 /* GFBodyLabel.swift */,
				CAC9909E2673AF5900D9BB90 /* GFSecondayTitleLabel.swift */,
			);
			path = Labels;
			sourceTree = "<group>";
		};
		CAC990972673995F00D9BB90 /* ImageViews */ = {
			isa = PBXGroup;
			children = (
				CAC99090266E6CEE00D9BB90 /* GFAvatarImageView.swift */,
			);
			path = ImageViews;
			sourceTree = "<group>";
		};
		CAC990AA2673C9BC00D9BB90 /* ItemInfoVCs */ = {
			isa = PBXGroup;
			children = (
				CAC990A42673C21300D9BB90 /* GFItemInfoVC.swift */,
				CAC990A62673C82B00D9BB90 /* GFRepoItemVC.swift */,
				CAC990AB2673CCAB00D9BB90 /* GFFollowerItemVC.swift */,
			);
			path = ItemInfoVCs;
			sourceTree = "<group>";
		};
		CAD3F3E0266AB71500960F03 = {
			isa = PBXGroup;
			children = (
				CAD3F3EB266AB71500960F03 /* GitHub Followers */,
				CAD3F3EA266AB71500960F03 /* Products */,
			);
			sourceTree = "<group>";
		};
		CAD3F3EA266AB71500960F03 /* Products */ = {
			isa = PBXGroup;
			children = (
				CAD3F3E9266AB71500960F03 /* GitHub Followers.app */,
			);
			name = Products;
			sourceTree = "<group>";
		};
		CAD3F3EB266AB71500960F03 /* GitHub Followers */ = {
			isa = PBXGroup;
			children = (
				CAC9908A266D730900D9BB90 /* Utilities */,
				CAC99087266D6CB800D9BB90 /* Managers */,
				CAC99081266D21B500D9BB90 /* Support */,
				CAC99080266D216B00D9BB90 /* Extensions */,
				CAC99082266D221400D9BB90 /* Models */,
				CAC9907F266D213600D9BB90 /* Views */,
				CAC9907E266D20FF00D9BB90 /* Controllers */,
				CAD3F3FA266AB71600960F03 /* Info.plist */,
			);
			path = "GitHub Followers";
			sourceTree = "<group>";
		};
/* End PBXGroup section */

/* Begin PBXNativeTarget section */
		CAD3F3E8266AB71500960F03 /* GitHub Followers */ = {
			isa = PBXNativeTarget;
			buildConfigurationList = CAD3F3FD266AB71600960F03 /* Build configuration list for PBXNativeTarget "GitHub Followers" */;
			buildPhases = (
				CAD3F3E5266AB71500960F03 /* Sources */,
				CAD3F3E6266AB71500960F03 /* Frameworks */,
				CAD3F3E7266AB71500960F03 /* Resources */,
			);
			buildRules = (
			);
			dependencies = (
			);
			name = "GitHub Followers";
			productName = "GitHub Followers";
			productReference = CAD3F3E9266AB71500960F03 /* GitHub Followers.app */;
			productType = "com.apple.product-type.application";
		};
/* End PBXNativeTarget section */

/* Begin PBXProject section */
		CAD3F3E1266AB71500960F03 /* Project object */ = {
			isa = PBXProject;
			attributes = {
				LastSwiftUpdateCheck = 1250;
				LastUpgradeCheck = 1250;
				TargetAttributes = {
					CAD3F3E8266AB71500960F03 = {
						CreatedOnToolsVersion = 12.5;
					};
				};
			};
			buildConfigurationList = CAD3F3E4266AB71500960F03 /* Build configuration list for PBXProject "GitHub Followers" */;
			compatibilityVersion = "Xcode 9.3";
			developmentRegion = en;
			hasScannedForEncodings = 0;
			knownRegions = (
				en,
				Base,
			);
			mainGroup = CAD3F3E0266AB71500960F03;
			productRefGroup = CAD3F3EA266AB71500960F03 /* Products */;
			projectDirPath = "";
			projectRoot = "";
			targets = (
				CAD3F3E8266AB71500960F03 /* GitHub Followers */,
			);
		};
/* End PBXProject section */

/* Begin PBXResourcesBuildPhase section */
		CAD3F3E7266AB71500960F03 /* Resources */ = {
			isa = PBXResourcesBuildPhase;
			buildActionMask = 2147483647;
			files = (
				CAD3F3F9266AB71600960F03 /* LaunchScreen.storyboard in Resources */,
				CAD3F3F6266AB71600960F03 /* Assets.xcassets in Resources */,
			);
			runOnlyForDeploymentPostprocessing = 0;
		};
/* End PBXResourcesBuildPhase section */

/* Begin PBXSourcesBuildPhase section */
		CAD3F3E5266AB71500960F03 /* Sources */ = {
			isa = PBXSourcesBuildPhase;
			buildActionMask = 2147483647;
			files = (
				CAC9906F266D007800D9BB90 /* GFTextField.swift in Sources */,
				CAC9909F2673AF5900D9BB90 /* GFSecondayTitleLabel.swift in Sources */,
				CAC9907B266D168000D9BB90 /* GFAlertContainerView.swift in Sources */,
				CAC9907D266D1E9900D9BB90 /* UIViewController+Ext.swift in Sources */,
				CAC9909D2673AEFD00D9BB90 /* GFUserInfoHeaderVC.swift in Sources */,
				CAD3F403266AF48200960F03 /* FavoritesListVC.swift in Sources */,
				CAC9906D266CFD4400D9BB90 /* GFButton.swift in Sources */,
				CAC99099267399A200D9BB90 /* GFEmptyStateView.swift in Sources */,
				CAD3F401266AF45F00960F03 /* SearchVC.swift in Sources */,
				CAC99086266D69D900D9BB90 /* User.swift in Sources */,
				CAC990B02673CFE400D9BB90 /* String+Ext.swift in Sources */,
				CAC9908F266E6C1200D9BB90 /* FollowerCell.swift in Sources */,
				CAC990B22674404400D9BB90 /* PersistenceManager.swift in Sources */,
				CAC990B42674475700D9BB90 /* FavoriteCell.swift in Sources */,
				CAC99091266E6CEE00D9BB90 /* GFAvatarImageView.swift in Sources */,
				CAC990A72673C82B00D9BB90 /* GFRepoItemVC.swift in Sources */,
				CAC99079266D150D00D9BB90 /* GFAlertVC.swift in Sources */,
				CAC9909B2673A2C000D9BB90 /* UserInfoVC.swift in Sources */,
				CAC99077266D149200D9BB90 /* GFBodyLabel.swift in Sources */,
				CAC99075266D139700D9BB90 /* GFTitleLabel.swift in Sources */,
				CAC99089266D6CC500D9BB90 /* NetworkManager.swift in Sources */,
				CAC99073266D0D8600D9BB90 /* FollowerListVC.swift in Sources */,
				CAC990A52673C21300D9BB90 /* GFItemInfoVC.swift in Sources */,
				CAC990AC2673CCAB00D9BB90 /* GFFollowerItemVC.swift in Sources */,
				CAC9908C266D731600D9BB90 /* ErrorMessage.swift in Sources */,
				CAC99093266E779200D9BB90 /* UIHelper.swift in Sources */,
				CAC99084266D693600D9BB90 /* Follower.swift in Sources */,
				CAD3F3ED266AB71500960F03 /* AppDelegate.swift in Sources */,
				CAC990A32673BD8B00D9BB90 /* GFItemInfoView.swift in Sources */,
				CAC990AE2673CFD000D9BB90 /* Date+Ext.swift in Sources */,
				CAD3F3EF266AB71500960F03 /* SceneDelegate.swift in Sources */,
				CAC990A12673B44000D9BB90 /* Constants.swift in Sources */,
			);
			runOnlyForDeploymentPostprocessing = 0;
		};
/* End PBXSourcesBuildPhase section */

/* Begin PBXVariantGroup section */
		CAD3F3F7266AB71600960F03 /* LaunchScreen.storyboard */ = {
			isa = PBXVariantGroup;
			children = (
				CAD3F3F8266AB71600960F03 /* Base */,
			);
			name = LaunchScreen.storyboard;
			sourceTree = "<group>";
		};
/* End PBXVariantGroup section */

/* Begin XCBuildConfiguration section */
		CAD3F3FB266AB71600960F03 /* Debug */ = {
			isa = XCBuildConfiguration;
			buildSettings = {
				ALWAYS_SEARCH_USER_PATHS = NO;
				CLANG_ANALYZER_NONNULL = YES;
				CLANG_ANALYZER_NUMBER_OBJECT_CONVERSION = YES_AGGRESSIVE;
				CLANG_CXX_LANGUAGE_STANDARD = "gnu++14";
				CLANG_CXX_LIBRARY = "libc++";
				CLANG_ENABLE_MODULES = YES;
				CLANG_ENABLE_OBJC_ARC = YES;
				CLANG_ENABLE_OBJC_WEAK = YES;
				CLANG_WARN_BLOCK_CAPTURE_AUTORELEASING = YES;
				CLANG_WARN_BOOL_CONVERSION = YES;
				CLANG_WARN_COMMA = YES;
				CLANG_WARN_CONSTANT_CONVERSION = YES;
				CLANG_WARN_DEPRECATED_OBJC_IMPLEMENTATIONS = YES;
				CLANG_WARN_DIRECT_OBJC_ISA_USAGE = YES_ERROR;
				CLANG_WARN_DOCUMENTATION_COMMENTS = YES;
				CLANG_WARN_EMPTY_BODY = YES;
				CLANG_WARN_ENUM_CONVERSION = YES;
				CLANG_WARN_INFINITE_RECURSION = YES;
				CLANG_WARN_INT_CONVERSION = YES;
				CLANG_WARN_NON_LITERAL_NULL_CONVERSION = YES;
				CLANG_WARN_OBJC_IMPLICIT_RETAIN_SELF = YES;
				CLANG_WARN_OBJC_LITERAL_CONVERSION = YES;
				CLANG_WARN_OBJC_ROOT_CLASS = YES_ERROR;
				CLANG_WARN_QUOTED_INCLUDE_IN_FRAMEWORK_HEADER = YES;
				CLANG_WARN_RANGE_LOOP_ANALYSIS = YES;
				CLANG_WARN_STRICT_PROTOTYPES = YES;
				CLANG_WARN_SUSPICIOUS_MOVE = YES;
				CLANG_WARN_UNGUARDED_AVAILABILITY = YES_AGGRESSIVE;
				CLANG_WARN_UNREACHABLE_CODE = YES;
				CLANG_WARN__DUPLICATE_METHOD_MATCH = YES;
				COPY_PHASE_STRIP = NO;
				DEBUG_INFORMATION_FORMAT = dwarf;
				ENABLE_STRICT_OBJC_MSGSEND = YES;
				ENABLE_TESTABILITY = YES;
				GCC_C_LANGUAGE_STANDARD = gnu11;
				GCC_DYNAMIC_NO_PIC = NO;
				GCC_NO_COMMON_BLOCKS = YES;
				GCC_OPTIMIZATION_LEVEL = 0;
				GCC_PREPROCESSOR_DEFINITIONS = (
					"DEBUG=1",
					"$(inherited)",
				);
				GCC_WARN_64_TO_32_BIT_CONVERSION = YES;
				GCC_WARN_ABOUT_RETURN_TYPE = YES_ERROR;
				GCC_WARN_UNDECLARED_SELECTOR = YES;
				GCC_WARN_UNINITIALIZED_AUTOS = YES_AGGRESSIVE;
				GCC_WARN_UNUSED_FUNCTION = YES;
				GCC_WARN_UNUSED_VARIABLE = YES;
				IPHONEOS_DEPLOYMENT_TARGET = 14.5;
				MTL_ENABLE_DEBUG_INFO = INCLUDE_SOURCE;
				MTL_FAST_MATH = YES;
				ONLY_ACTIVE_ARCH = YES;
				SDKROOT = iphoneos;
				SWIFT_ACTIVE_COMPILATION_CONDITIONS = DEBUG;
				SWIFT_OPTIMIZATION_LEVEL = "-Onone";
			};
			name = Debug;
		};
		CAD3F3FC266AB71600960F03 /* Release */ = {
			isa = XCBuildConfiguration;
			buildSettings = {
				ALWAYS_SEARCH_USER_PATHS = NO;
				CLANG_ANALYZER_NONNULL = YES;
				CLANG_ANALYZER_NUMBER_OBJECT_CONVERSION = YES_AGGRESSIVE;
				CLANG_CXX_LANGUAGE_STANDARD = "gnu++14";
				CLANG_CXX_LIBRARY = "libc++";
				CLANG_ENABLE_MODULES = YES;
				CLANG_ENABLE_OBJC_ARC = YES;
				CLANG_ENABLE_OBJC_WEAK = YES;
				CLANG_WARN_BLOCK_CAPTURE_AUTORELEASING = YES;
				CLANG_WARN_BOOL_CONVERSION = YES;
				CLANG_WARN_COMMA = YES;
				CLANG_WARN_CONSTANT_CONVERSION = YES;
				CLANG_WARN_DEPRECATED_OBJC_IMPLEMENTATIONS = YES;
				CLANG_WARN_DIRECT_OBJC_ISA_USAGE = YES_ERROR;
				CLANG_WARN_DOCUMENTATION_COMMENTS = YES;
				CLANG_WARN_EMPTY_BODY = YES;
				CLANG_WARN_ENUM_CONVERSION = YES;
				CLANG_WARN_INFINITE_RECURSION = YES;
				CLANG_WARN_INT_CONVERSION = YES;
				CLANG_WARN_NON_LITERAL_NULL_CONVERSION = YES;
				CLANG_WARN_OBJC_IMPLICIT_RETAIN_SELF = YES;
				CLANG_WARN_OBJC_LITERAL_CONVERSION = YES;
				CLANG_WARN_OBJC_ROOT_CLASS = YES_ERROR;
				CLANG_WARN_QUOTED_INCLUDE_IN_FRAMEWORK_HEADER = YES;
				CLANG_WARN_RANGE_LOOP_ANALYSIS = YES;
				CLANG_WARN_STRICT_PROTOTYPES = YES;
				CLANG_WARN_SUSPICIOUS_MOVE = YES;
				CLANG_WARN_UNGUARDED_AVAILABILITY = YES_AGGRESSIVE;
				CLANG_WARN_UNREACHABLE_CODE = YES;
				CLANG_WARN__DUPLICATE_METHOD_MATCH = YES;
				COPY_PHASE_STRIP = NO;
				DEBUG_INFORMATION_FORMAT = "dwarf-with-dsym";
				ENABLE_NS_ASSERTIONS = NO;
				ENABLE_STRICT_OBJC_MSGSEND = YES;
				GCC_C_LANGUAGE_STANDARD = gnu11;
				GCC_NO_COMMON_BLOCKS = YES;
				GCC_WARN_64_TO_32_BIT_CONVERSION = YES;
				GCC_WARN_ABOUT_RETURN_TYPE = YES_ERROR;
				GCC_WARN_UNDECLARED_SELECTOR = YES;
				GCC_WARN_UNINITIALIZED_AUTOS = YES_AGGRESSIVE;
				GCC_WARN_UNUSED_FUNCTION = YES;
				GCC_WARN_UNUSED_VARIABLE = YES;
				IPHONEOS_DEPLOYMENT_TARGET = 14.5;
				MTL_ENABLE_DEBUG_INFO = NO;
				MTL_FAST_MATH = YES;
				SDKROOT = iphoneos;
				SWIFT_COMPILATION_MODE = wholemodule;
				SWIFT_OPTIMIZATION_LEVEL = "-O";
				VALIDATE_PRODUCT = YES;
			};
			name = Release;
		};
		CAD3F3FE266AB71600960F03 /* Debug */ = {
			isa = XCBuildConfiguration;
			buildSettings = {
				ASSETCATALOG_COMPILER_APPICON_NAME = AppIcon;
				ASSETCATALOG_COMPILER_GLOBAL_ACCENT_COLOR_NAME = AccentColor;
				CODE_SIGN_STYLE = Automatic;
				DEVELOPMENT_TEAM = FV2A8PBZG2;
				INFOPLIST_FILE = "GitHub Followers/Info.plist";
				LD_RUNPATH_SEARCH_PATHS = (
					"$(inherited)",
					"@executable_path/Frameworks",
				);
				PRODUCT_BUNDLE_IDENTIFIER = "me.michael-doctor.GitHub-Followers";
				PRODUCT_NAME = "$(TARGET_NAME)";
				SWIFT_VERSION = 5.0;
				TARGETED_DEVICE_FAMILY = 1;
			};
			name = Debug;
		};
		CAD3F3FF266AB71600960F03 /* Release */ = {
			isa = XCBuildConfiguration;
			buildSettings = {
				ASSETCATALOG_COMPILER_APPICON_NAME = AppIcon;
				ASSETCATALOG_COMPILER_GLOBAL_ACCENT_COLOR_NAME = AccentColor;
				CODE_SIGN_STYLE = Automatic;
				DEVELOPMENT_TEAM = FV2A8PBZG2;
				INFOPLIST_FILE = "GitHub Followers/Info.plist";
				LD_RUNPATH_SEARCH_PATHS = (
					"$(inherited)",
					"@executable_path/Frameworks",
				);
				PRODUCT_BUNDLE_IDENTIFIER = "me.michael-doctor.GitHub-Followers";
				PRODUCT_NAME = "$(TARGET_NAME)";
				SWIFT_VERSION = 5.0;
				TARGETED_DEVICE_FAMILY = 1;
			};
			name = Release;
		};
/* End XCBuildConfiguration section */

/* Begin XCConfigurationList section */
		CAD3F3E4266AB71500960F03 /* Build configuration list for PBXProject "GitHub Followers" */ = {
			isa = XCConfigurationList;
			buildConfigurations = (
				CAD3F3FB266AB71600960F03 /* Debug */,
				CAD3F3FC266AB71600960F03 /* Release */,
			);
			defaultConfigurationIsVisible = 0;
			defaultConfigurationName = Release;
		};
		CAD3F3FD266AB71600960F03 /* Build configuration list for PBXNativeTarget "GitHub Followers" */ = {
			isa = XCConfigurationList;
			buildConfigurations = (
				CAD3F3FE266AB71600960F03 /* Debug */,
				CAD3F3FF266AB71600960F03 /* Release */,
			);
			defaultConfigurationIsVisible = 0;
			defaultConfigurationName = Release;
		};
/* End XCConfigurationList section */
	};
	rootObject = CAD3F3E1266AB71500960F03 /* Project object */;
}
